// !$*UTF8*$!
{
	archiveVersion = 1;
	classes = {
	};
	objectVersion = 50;
	objects = {

/* Begin PBXBuildFile section */
		1212934825C1A04800E286A0 /* Info.swift in Sources */ = {isa = PBXBuildFile; fileRef = 1212934725C1A04800E286A0 /* Info.swift */; };
		1212934F25C80E6D00E286A0 /* StundenplanEntryView.xib in Resources */ = {isa = PBXBuildFile; fileRef = 1212934E25C80E6D00E286A0 /* StundenplanEntryView.xib */; };
		12158BA02580084200CA7151 /* TabBarController.swift in Sources */ = {isa = PBXBuildFile; fileRef = 12158B9F2580084200CA7151 /* TabBarController.swift */; };
		1232E8BD2571586700577945 /* VertretungsplanViewController.swift in Sources */ = {isa = PBXBuildFile; fileRef = 1232E8BC2571586700577945 /* VertretungsplanViewController.swift */; };
		125B845B2575541200A1651A /* KlassenPicker.swift in Sources */ = {isa = PBXBuildFile; fileRef = 125B845A2575541200A1651A /* KlassenPicker.swift */; };
		125FEDA72582797D006F06BE /* Stundenplan.swift in Sources */ = {isa = PBXBuildFile; fileRef = 125FEDA62582797D006F06BE /* Stundenplan.swift */; };
		125FEDAA25850D3D006F06BE /* StundenplanEntryEdit.swift in Sources */ = {isa = PBXBuildFile; fileRef = 125FEDA925850D3D006F06BE /* StundenplanEntryEdit.swift */; };
		12961ABC259C9FB3001380F1 /* StundenplanQRScanner.swift in Sources */ = {isa = PBXBuildFile; fileRef = 12961ABB259C9FB3001380F1 /* StundenplanQRScanner.swift */; };
		12961ABF259CB0E3001380F1 /* StundenplanQRGenerator.swift in Sources */ = {isa = PBXBuildFile; fileRef = 12961ABE259CB0E3001380F1 /* StundenplanQRGenerator.swift */; };
		12961AC2259F62EF001380F1 /* Startseite.swift in Sources */ = {isa = PBXBuildFile; fileRef = 12961AC1259F62EF001380F1 /* Startseite.swift */; };
		12961ACF25BB2CDA001380F1 /* StundenplanTextGenerator.swift in Sources */ = {isa = PBXBuildFile; fileRef = 12961ACE25BB2CD9001380F1 /* StundenplanTextGenerator.swift */; };
		12961AD225BB2DA8001380F1 /* StundenplanTextInput.swift in Sources */ = {isa = PBXBuildFile; fileRef = 12961AD125BB2DA8001380F1 /* StundenplanTextInput.swift */; };
		129C0E5625BB617E001DAC0E /* StundenplanEntry.swift in Sources */ = {isa = PBXBuildFile; fileRef = 129C0E5525BB617E001DAC0E /* StundenplanEntry.swift */; };
		129C7E7825719D21005BEB6F /* SonstigesViewController.swift in Sources */ = {isa = PBXBuildFile; fileRef = 129C7E7725719D21005BEB6F /* SonstigesViewController.swift */; };
		12C420B12572F61F00660356 /* EinstellungenViewController.swift in Sources */ = {isa = PBXBuildFile; fileRef = 12C420B02572F61F00660356 /* EinstellungenViewController.swift */; };
		12DD00082572C2B300DBD4BE /* FeedbackViewController.swift in Sources */ = {isa = PBXBuildFile; fileRef = 12DD00072572C2B300DBD4BE /* FeedbackViewController.swift */; };
		12FD8A0225BB6B1600C89B1C /* StundenplanDay.swift in Sources */ = {isa = PBXBuildFile; fileRef = 12FD8A0125BB6B1600C89B1C /* StundenplanDay.swift */; };
		7B1244DB21EFA3F800EC7A0C /* Extensions.swift in Sources */ = {isa = PBXBuildFile; fileRef = 7B1244DA21EFA3F800EC7A0C /* Extensions.swift */; };
		7B73D48621C5ABAB005AB6D0 /* AppDelegate.swift in Sources */ = {isa = PBXBuildFile; fileRef = 7B73D48521C5ABAB005AB6D0 /* AppDelegate.swift */; };
		7B73D48D21C5ABAB005AB6D0 /* Main.storyboard in Resources */ = {isa = PBXBuildFile; fileRef = 7B73D48B21C5ABAB005AB6D0 /* Main.storyboard */; };
		7B73D48F21C5ABAD005AB6D0 /* Assets.xcassets in Resources */ = {isa = PBXBuildFile; fileRef = 7B73D48E21C5ABAD005AB6D0 /* Assets.xcassets */; };
		7B73D49221C5ABAD005AB6D0 /* LaunchScreen.storyboard in Resources */ = {isa = PBXBuildFile; fileRef = 7B73D49021C5ABAD005AB6D0 /* LaunchScreen.storyboard */; };
		7B749958220F2B16002C7D0A /* VertretungsplanPageViewController.swift in Sources */ = {isa = PBXBuildFile; fileRef = 7B749957220F2B16002C7D0A /* VertretungsplanPageViewController.swift */; };
		7BF3F31922037B3600CA006B /* LoginViewController.swift in Sources */ = {isa = PBXBuildFile; fileRef = 7BF3F31822037B3600CA006B /* LoginViewController.swift */; };
/* End PBXBuildFile section */

/* Begin PBXFileReference section */
		1212934725C1A04800E286A0 /* Info.swift */ = {isa = PBXFileReference; lastKnownFileType = sourcecode.swift; path = Info.swift; sourceTree = "<group>"; };
		1212934E25C80E6D00E286A0 /* StundenplanEntryView.xib */ = {isa = PBXFileReference; lastKnownFileType = file.xib; name = StundenplanEntryView.xib; path = AMGApp/StundenplanEntryView.xib; sourceTree = SOURCE_ROOT; };
		12158B9F2580084200CA7151 /* TabBarController.swift */ = {isa = PBXFileReference; lastKnownFileType = sourcecode.swift; path = TabBarController.swift; sourceTree = "<group>"; };
		1232E8BC2571586700577945 /* VertretungsplanViewController.swift */ = {isa = PBXFileReference; fileEncoding = 4; lastKnownFileType = sourcecode.swift; path = VertretungsplanViewController.swift; sourceTree = "<group>"; };
		125B845A2575541200A1651A /* KlassenPicker.swift */ = {isa = PBXFileReference; lastKnownFileType = sourcecode.swift; path = KlassenPicker.swift; sourceTree = "<group>"; };
		125FEDA62582797D006F06BE /* Stundenplan.swift */ = {isa = PBXFileReference; lastKnownFileType = sourcecode.swift; path = Stundenplan.swift; sourceTree = "<group>"; };
		125FEDA925850D3D006F06BE /* StundenplanEntryEdit.swift */ = {isa = PBXFileReference; lastKnownFileType = sourcecode.swift; path = StundenplanEntryEdit.swift; sourceTree = "<group>"; };
		12961ABB259C9FB3001380F1 /* StundenplanQRScanner.swift */ = {isa = PBXFileReference; lastKnownFileType = sourcecode.swift; path = StundenplanQRScanner.swift; sourceTree = "<group>"; };
		12961ABE259CB0E3001380F1 /* StundenplanQRGenerator.swift */ = {isa = PBXFileReference; lastKnownFileType = sourcecode.swift; path = StundenplanQRGenerator.swift; sourceTree = "<group>"; };
		12961AC1259F62EF001380F1 /* Startseite.swift */ = {isa = PBXFileReference; lastKnownFileType = sourcecode.swift; path = Startseite.swift; sourceTree = "<group>"; };
		12961AC425AA52B8001380F1 /* AMGApp.entitlements */ = {isa = PBXFileReference; lastKnownFileType = text.plist.entitlements; path = AMGApp.entitlements; sourceTree = "<group>"; };
		12961ACE25BB2CD9001380F1 /* StundenplanTextGenerator.swift */ = {isa = PBXFileReference; lastKnownFileType = sourcecode.swift; path = StundenplanTextGenerator.swift; sourceTree = "<group>"; };
		12961AD125BB2DA8001380F1 /* StundenplanTextInput.swift */ = {isa = PBXFileReference; lastKnownFileType = sourcecode.swift; path = StundenplanTextInput.swift; sourceTree = "<group>"; };
		129C0E5525BB617E001DAC0E /* StundenplanEntry.swift */ = {isa = PBXFileReference; lastKnownFileType = sourcecode.swift; path = StundenplanEntry.swift; sourceTree = "<group>"; };
		129C7E7725719D21005BEB6F /* SonstigesViewController.swift */ = {isa = PBXFileReference; lastKnownFileType = sourcecode.swift; path = SonstigesViewController.swift; sourceTree = "<group>"; };
		12C420B02572F61F00660356 /* EinstellungenViewController.swift */ = {isa = PBXFileReference; lastKnownFileType = sourcecode.swift; path = EinstellungenViewController.swift; sourceTree = "<group>"; };
		12DD00072572C2B300DBD4BE /* FeedbackViewController.swift */ = {isa = PBXFileReference; lastKnownFileType = sourcecode.swift; path = FeedbackViewController.swift; sourceTree = "<group>"; };
		12FD8A0125BB6B1600C89B1C /* StundenplanDay.swift */ = {isa = PBXFileReference; lastKnownFileType = sourcecode.swift; path = StundenplanDay.swift; sourceTree = "<group>"; };
		7B1244DA21EFA3F800EC7A0C /* Extensions.swift */ = {isa = PBXFileReference; lastKnownFileType = sourcecode.swift; path = Extensions.swift; sourceTree = "<group>"; };
		7B73D48221C5ABAB005AB6D0 /* AMGApp.app */ = {isa = PBXFileReference; explicitFileType = wrapper.application; includeInIndex = 0; path = AMGApp.app; sourceTree = BUILT_PRODUCTS_DIR; };
		7B73D48521C5ABAB005AB6D0 /* AppDelegate.swift */ = {isa = PBXFileReference; lastKnownFileType = sourcecode.swift; path = AppDelegate.swift; sourceTree = "<group>"; };
		7B73D48C21C5ABAB005AB6D0 /* Base */ = {isa = PBXFileReference; lastKnownFileType = file.storyboard; name = Base; path = Base.lproj/Main.storyboard; sourceTree = "<group>"; };
		7B73D48E21C5ABAD005AB6D0 /* Assets.xcassets */ = {isa = PBXFileReference; lastKnownFileType = folder.assetcatalog; path = Assets.xcassets; sourceTree = "<group>"; };
		7B73D49121C5ABAD005AB6D0 /* Base */ = {isa = PBXFileReference; lastKnownFileType = file.storyboard; name = Base; path = Base.lproj/LaunchScreen.storyboard; sourceTree = "<group>"; };
		7B73D49321C5ABAD005AB6D0 /* Info.plist */ = {isa = PBXFileReference; lastKnownFileType = text.plist.xml; path = Info.plist; sourceTree = "<group>"; };
		7B749957220F2B16002C7D0A /* VertretungsplanPageViewController.swift */ = {isa = PBXFileReference; lastKnownFileType = sourcecode.swift; path = VertretungsplanPageViewController.swift; sourceTree = "<group>"; };
		7BF3F31822037B3600CA006B /* LoginViewController.swift */ = {isa = PBXFileReference; lastKnownFileType = sourcecode.swift; path = LoginViewController.swift; sourceTree = "<group>"; };
/* End PBXFileReference section */

/* Begin PBXFrameworksBuildPhase section */
		7B73D47F21C5ABAB005AB6D0 /* Frameworks */ = {
			isa = PBXFrameworksBuildPhase;
			buildActionMask = 2147483647;
			files = (
			);
			runOnlyForDeploymentPostprocessing = 0;
		};
/* End PBXFrameworksBuildPhase section */

/* Begin PBXGroup section */
		12FD8A0425BC2A0500C89B1C /* Stundenplan */ = {
			isa = PBXGroup;
			children = (
				1212934E25C80E6D00E286A0 /* StundenplanEntryView.xib */,
				125FEDA62582797D006F06BE /* Stundenplan.swift */,
				12FD8A0125BB6B1600C89B1C /* StundenplanDay.swift */,
				129C0E5525BB617E001DAC0E /* StundenplanEntry.swift */,
				125FEDA925850D3D006F06BE /* StundenplanEntryEdit.swift */,
				12961ABB259C9FB3001380F1 /* StundenplanQRScanner.swift */,
				12961ABE259CB0E3001380F1 /* StundenplanQRGenerator.swift */,
				12961AD125BB2DA8001380F1 /* StundenplanTextInput.swift */,
				12961ACE25BB2CD9001380F1 /* StundenplanTextGenerator.swift */,
			);
			path = Stundenplan;
			sourceTree = "<group>";
		};
		7B73D47921C5ABAB005AB6D0 = {
			isa = PBXGroup;
			children = (
				7B73D48421C5ABAB005AB6D0 /* AMGApp */,
				7B73D48321C5ABAB005AB6D0 /* Products */,
			);
			sourceTree = "<group>";
		};
		7B73D48321C5ABAB005AB6D0 /* Products */ = {
			isa = PBXGroup;
			children = (
				7B73D48221C5ABAB005AB6D0 /* AMGApp.app */,
			);
			name = Products;
			sourceTree = "<group>";
		};
		7B73D48421C5ABAB005AB6D0 /* AMGApp */ = {
			isa = PBXGroup;
			children = (
				7B73D49321C5ABAD005AB6D0 /* Info.plist */,
				12961AC425AA52B8001380F1 /* AMGApp.entitlements */,
				7B73D48E21C5ABAD005AB6D0 /* Assets.xcassets */,
				7B73D48B21C5ABAB005AB6D0 /* Main.storyboard */,
				7B73D49021C5ABAD005AB6D0 /* LaunchScreen.storyboard */,
				7B73D48521C5ABAB005AB6D0 /* AppDelegate.swift */,
				7B1244DA21EFA3F800EC7A0C /* Extensions.swift */,
				12158B9F2580084200CA7151 /* TabBarController.swift */,
				12961AC1259F62EF001380F1 /* Startseite.swift */,
				7B749957220F2B16002C7D0A /* VertretungsplanPageViewController.swift */,
				1232E8BC2571586700577945 /* VertretungsplanViewController.swift */,
				12FD8A0425BC2A0500C89B1C /* Stundenplan */,
				129C7E7725719D21005BEB6F /* SonstigesViewController.swift */,
				12C420B02572F61F00660356 /* EinstellungenViewController.swift */,
				125B845A2575541200A1651A /* KlassenPicker.swift */,
				7BF3F31822037B3600CA006B /* LoginViewController.swift */,
				12DD00072572C2B300DBD4BE /* FeedbackViewController.swift */,
				1212934725C1A04800E286A0 /* Info.swift */,
			);
			path = AMGApp;
			sourceTree = "<group>";
		};
/* End PBXGroup section */

/* Begin PBXNativeTarget section */
		7B73D48121C5ABAB005AB6D0 /* AMGApp */ = {
			isa = PBXNativeTarget;
			buildConfigurationList = 7B73D49621C5ABAD005AB6D0 /* Build configuration list for PBXNativeTarget "AMGApp" */;
			buildPhases = (
				7B73D47E21C5ABAB005AB6D0 /* Sources */,
				7B73D47F21C5ABAB005AB6D0 /* Frameworks */,
				7B73D48021C5ABAB005AB6D0 /* Resources */,
			);
			buildRules = (
			);
			dependencies = (
			);
			name = AMGApp;
			productName = AMGApp;
			productReference = 7B73D48221C5ABAB005AB6D0 /* AMGApp.app */;
			productType = "com.apple.product-type.application";
		};
/* End PBXNativeTarget section */

/* Begin PBXProject section */
		7B73D47A21C5ABAB005AB6D0 /* Project object */ = {
			isa = PBXProject;
			attributes = {
				LastSwiftUpdateCheck = 1010;
				LastUpgradeCheck = 1210;
				ORGANIZATIONNAME = "amg-witten";
				TargetAttributes = {
					7B73D48121C5ABAB005AB6D0 = {
						CreatedOnToolsVersion = 10.1;
						LastSwiftMigration = 1210;
					};
				};
			};
			buildConfigurationList = 7B73D47D21C5ABAB005AB6D0 /* Build configuration list for PBXProject "AMGApp" */;
			compatibilityVersion = "Xcode 9.3";
			developmentRegion = en;
			hasScannedForEncodings = 0;
			knownRegions = (
				en,
				Base,
			);
			mainGroup = 7B73D47921C5ABAB005AB6D0;
			productRefGroup = 7B73D48321C5ABAB005AB6D0 /* Products */;
			projectDirPath = "";
			projectRoot = "";
			targets = (
				7B73D48121C5ABAB005AB6D0 /* AMGApp */,
			);
		};
/* End PBXProject section */

/* Begin PBXResourcesBuildPhase section */
		7B73D48021C5ABAB005AB6D0 /* Resources */ = {
			isa = PBXResourcesBuildPhase;
			buildActionMask = 2147483647;
			files = (
				7B73D49221C5ABAD005AB6D0 /* LaunchScreen.storyboard in Resources */,
				7B73D48F21C5ABAD005AB6D0 /* Assets.xcassets in Resources */,
				1212934F25C80E6D00E286A0 /* StundenplanEntryView.xib in Resources */,
				7B73D48D21C5ABAB005AB6D0 /* Main.storyboard in Resources */,
			);
			runOnlyForDeploymentPostprocessing = 0;
		};
/* End PBXResourcesBuildPhase section */

/* Begin PBXSourcesBuildPhase section */
		7B73D47E21C5ABAB005AB6D0 /* Sources */ = {
			isa = PBXSourcesBuildPhase;
			buildActionMask = 2147483647;
			files = (
				129C7E7825719D21005BEB6F /* SonstigesViewController.swift in Sources */,
				7B1244DB21EFA3F800EC7A0C /* Extensions.swift in Sources */,
				12158BA02580084200CA7151 /* TabBarController.swift in Sources */,
				12961AC2259F62EF001380F1 /* Startseite.swift in Sources */,
				12DD00082572C2B300DBD4BE /* FeedbackViewController.swift in Sources */,
				7B749958220F2B16002C7D0A /* VertretungsplanPageViewController.swift in Sources */,
				1212934825C1A04800E286A0 /* Info.swift in Sources */,
				125FEDA72582797D006F06BE /* Stundenplan.swift in Sources */,
				129C0E5625BB617E001DAC0E /* StundenplanEntry.swift in Sources */,
				125B845B2575541200A1651A /* KlassenPicker.swift in Sources */,
				7B73D48621C5ABAB005AB6D0 /* AppDelegate.swift in Sources */,
				12961ACF25BB2CDA001380F1 /* StundenplanTextGenerator.swift in Sources */,
				7BF3F31922037B3600CA006B /* LoginViewController.swift in Sources */,
				12FD8A0225BB6B1600C89B1C /* StundenplanDay.swift in Sources */,
				12961ABF259CB0E3001380F1 /* StundenplanQRGenerator.swift in Sources */,
				12C420B12572F61F00660356 /* EinstellungenViewController.swift in Sources */,
				12961AD225BB2DA8001380F1 /* StundenplanTextInput.swift in Sources */,
				125FEDAA25850D3D006F06BE /* StundenplanEntryEdit.swift in Sources */,
				12961ABC259C9FB3001380F1 /* StundenplanQRScanner.swift in Sources */,
				1232E8BD2571586700577945 /* VertretungsplanViewController.swift in Sources */,
			);
			runOnlyForDeploymentPostprocessing = 0;
		};
/* End PBXSourcesBuildPhase section */

/* Begin PBXVariantGroup section */
		7B73D48B21C5ABAB005AB6D0 /* Main.storyboard */ = {
			isa = PBXVariantGroup;
			children = (
				7B73D48C21C5ABAB005AB6D0 /* Base */,
			);
			name = Main.storyboard;
			sourceTree = "<group>";
		};
		7B73D49021C5ABAD005AB6D0 /* LaunchScreen.storyboard */ = {
			isa = PBXVariantGroup;
			children = (
				7B73D49121C5ABAD005AB6D0 /* Base */,
			);
			name = LaunchScreen.storyboard;
			sourceTree = "<group>";
		};
/* End PBXVariantGroup section */

/* Begin XCBuildConfiguration section */
		7B73D49421C5ABAD005AB6D0 /* Debug */ = {
			isa = XCBuildConfiguration;
			buildSettings = {
				ALWAYS_SEARCH_USER_PATHS = NO;
				CLANG_ANALYZER_NONNULL = YES;
				CLANG_ANALYZER_NUMBER_OBJECT_CONVERSION = YES_AGGRESSIVE;
				CLANG_CXX_LANGUAGE_STANDARD = "gnu++14";
				CLANG_CXX_LIBRARY = "libc++";
				CLANG_ENABLE_MODULES = YES;
				CLANG_ENABLE_OBJC_ARC = YES;
				CLANG_ENABLE_OBJC_WEAK = YES;
				CLANG_WARN_BLOCK_CAPTURE_AUTORELEASING = YES;
				CLANG_WARN_BOOL_CONVERSION = YES;
				CLANG_WARN_COMMA = YES;
				CLANG_WARN_CONSTANT_CONVERSION = YES;
				CLANG_WARN_DEPRECATED_OBJC_IMPLEMENTATIONS = YES;
				CLANG_WARN_DIRECT_OBJC_ISA_USAGE = YES_ERROR;
				CLANG_WARN_DOCUMENTATION_COMMENTS = YES;
				CLANG_WARN_EMPTY_BODY = YES;
				CLANG_WARN_ENUM_CONVERSION = YES;
				CLANG_WARN_INFINITE_RECURSION = YES;
				CLANG_WARN_INT_CONVERSION = YES;
				CLANG_WARN_NON_LITERAL_NULL_CONVERSION = YES;
				CLANG_WARN_OBJC_IMPLICIT_RETAIN_SELF = YES;
				CLANG_WARN_OBJC_LITERAL_CONVERSION = YES;
				CLANG_WARN_OBJC_ROOT_CLASS = YES_ERROR;
				CLANG_WARN_QUOTED_INCLUDE_IN_FRAMEWORK_HEADER = YES;
				CLANG_WARN_RANGE_LOOP_ANALYSIS = YES;
				CLANG_WARN_STRICT_PROTOTYPES = YES;
				CLANG_WARN_SUSPICIOUS_MOVE = YES;
				CLANG_WARN_UNGUARDED_AVAILABILITY = YES_AGGRESSIVE;
				CLANG_WARN_UNREACHABLE_CODE = YES;
				CLANG_WARN__DUPLICATE_METHOD_MATCH = YES;
				CODE_SIGN_IDENTITY = "iPhone Developer";
				COPY_PHASE_STRIP = NO;
				DEBUG_INFORMATION_FORMAT = dwarf;
				ENABLE_STRICT_OBJC_MSGSEND = YES;
				ENABLE_TESTABILITY = YES;
				GCC_C_LANGUAGE_STANDARD = gnu11;
				GCC_DYNAMIC_NO_PIC = NO;
				GCC_NO_COMMON_BLOCKS = YES;
				GCC_OPTIMIZATION_LEVEL = 0;
				GCC_PREPROCESSOR_DEFINITIONS = (
					"DEBUG=1",
					"$(inherited)",
				);
				GCC_WARN_64_TO_32_BIT_CONVERSION = YES;
				GCC_WARN_ABOUT_RETURN_TYPE = YES_ERROR;
				GCC_WARN_UNDECLARED_SELECTOR = YES;
				GCC_WARN_UNINITIALIZED_AUTOS = YES_AGGRESSIVE;
				GCC_WARN_UNUSED_FUNCTION = YES;
				GCC_WARN_UNUSED_VARIABLE = YES;
				IPHONEOS_DEPLOYMENT_TARGET = 9.0;
				MTL_ENABLE_DEBUG_INFO = INCLUDE_SOURCE;
				MTL_FAST_MATH = YES;
				ONLY_ACTIVE_ARCH = YES;
				SDKROOT = iphoneos;
				SWIFT_ACTIVE_COMPILATION_CONDITIONS = DEBUG;
				SWIFT_OPTIMIZATION_LEVEL = "-Onone";
			};
			name = Debug;
		};
		7B73D49521C5ABAD005AB6D0 /* Release */ = {
			isa = XCBuildConfiguration;
			buildSettings = {
				ALWAYS_SEARCH_USER_PATHS = NO;
				CLANG_ANALYZER_NONNULL = YES;
				CLANG_ANALYZER_NUMBER_OBJECT_CONVERSION = YES_AGGRESSIVE;
				CLANG_CXX_LANGUAGE_STANDARD = "gnu++14";
				CLANG_CXX_LIBRARY = "libc++";
				CLANG_ENABLE_MODULES = YES;
				CLANG_ENABLE_OBJC_ARC = YES;
				CLANG_ENABLE_OBJC_WEAK = YES;
				CLANG_WARN_BLOCK_CAPTURE_AUTORELEASING = YES;
				CLANG_WARN_BOOL_CONVERSION = YES;
				CLANG_WARN_COMMA = YES;
				CLANG_WARN_CONSTANT_CONVERSION = YES;
				CLANG_WARN_DEPRECATED_OBJC_IMPLEMENTATIONS = YES;
				CLANG_WARN_DIRECT_OBJC_ISA_USAGE = YES_ERROR;
				CLANG_WARN_DOCUMENTATION_COMMENTS = YES;
				CLANG_WARN_EMPTY_BODY = YES;
				CLANG_WARN_ENUM_CONVERSION = YES;
				CLANG_WARN_INFINITE_RECURSION = YES;
				CLANG_WARN_INT_CONVERSION = YES;
				CLANG_WARN_NON_LITERAL_NULL_CONVERSION = YES;
				CLANG_WARN_OBJC_IMPLICIT_RETAIN_SELF = YES;
				CLANG_WARN_OBJC_LITERAL_CONVERSION = YES;
				CLANG_WARN_OBJC_ROOT_CLASS = YES_ERROR;
				CLANG_WARN_QUOTED_INCLUDE_IN_FRAMEWORK_HEADER = YES;
				CLANG_WARN_RANGE_LOOP_ANALYSIS = YES;
				CLANG_WARN_STRICT_PROTOTYPES = YES;
				CLANG_WARN_SUSPICIOUS_MOVE = YES;
				CLANG_WARN_UNGUARDED_AVAILABILITY = YES_AGGRESSIVE;
				CLANG_WARN_UNREACHABLE_CODE = YES;
				CLANG_WARN__DUPLICATE_METHOD_MATCH = YES;
				CODE_SIGN_IDENTITY = "iPhone Developer";
				COPY_PHASE_STRIP = NO;
				DEBUG_INFORMATION_FORMAT = "dwarf-with-dsym";
				ENABLE_NS_ASSERTIONS = NO;
				ENABLE_STRICT_OBJC_MSGSEND = YES;
				GCC_C_LANGUAGE_STANDARD = gnu11;
				GCC_NO_COMMON_BLOCKS = YES;
				GCC_WARN_64_TO_32_BIT_CONVERSION = YES;
				GCC_WARN_ABOUT_RETURN_TYPE = YES_ERROR;
				GCC_WARN_UNDECLARED_SELECTOR = YES;
				GCC_WARN_UNINITIALIZED_AUTOS = YES_AGGRESSIVE;
				GCC_WARN_UNUSED_FUNCTION = YES;
				GCC_WARN_UNUSED_VARIABLE = YES;
				IPHONEOS_DEPLOYMENT_TARGET = 9.0;
				MTL_ENABLE_DEBUG_INFO = NO;
				MTL_FAST_MATH = YES;
				SDKROOT = iphoneos;
				SWIFT_COMPILATION_MODE = wholemodule;
				SWIFT_OPTIMIZATION_LEVEL = "-O";
				VALIDATE_PRODUCT = YES;
			};
			name = Release;
		};
		7B73D49721C5ABAD005AB6D0 /* Debug */ = {
			isa = XCBuildConfiguration;
			buildSettings = {
				ASSETCATALOG_COMPILER_APPICON_NAME = AppIcon;
				CODE_SIGN_ENTITLEMENTS = AMGApp/AMGApp.entitlements;
				CODE_SIGN_STYLE = Automatic;
				CURRENT_PROJECT_VERSION = 1;
				DEVELOPMENT_TEAM = 8SQUK3268G;
				INFOPLIST_FILE = AMGApp/Info.plist;
				IPHONEOS_DEPLOYMENT_TARGET = 13.0;
				LD_RUNPATH_SEARCH_PATHS = (
					"$(inherited)",
					"@executable_path/Frameworks",
				);
				MARKETING_VERSION = 1.1;
				PRODUCT_BUNDLE_IDENTIFIER = "www.amg-witten.de.AMGApp";
				PRODUCT_NAME = "$(TARGET_NAME)";
				SWIFT_VERSION = 5.0;
				TARGETED_DEVICE_FAMILY = "1,2";
			};
			name = Debug;
		};
		7B73D49821C5ABAD005AB6D0 /* Release */ = {
			isa = XCBuildConfiguration;
			buildSettings = {
				ASSETCATALOG_COMPILER_APPICON_NAME = AppIcon;
				CODE_SIGN_ENTITLEMENTS = AMGApp/AMGApp.entitlements;
				CODE_SIGN_STYLE = Automatic;
				CURRENT_PROJECT_VERSION = 1;
				DEVELOPMENT_TEAM = 8SQUK3268G;
				INFOPLIST_FILE = AMGApp/Info.plist;
				IPHONEOS_DEPLOYMENT_TARGET = 13.0;
				LD_RUNPATH_SEARCH_PATHS = (
					"$(inherited)",
					"@executable_path/Frameworks",
				);
				MARKETING_VERSION = 1.1;
				PRODUCT_BUNDLE_IDENTIFIER = "www.amg-witten.de.AMGApp";
				PRODUCT_NAME = "$(TARGET_NAME)";
				SWIFT_VERSION = 5.0;
				TARGETED_DEVICE_FAMILY = "1,2";
			};
			name = Release;
		};
/* End XCBuildConfiguration section */

/* Begin XCConfigurationList section */
		7B73D47D21C5ABAB005AB6D0 /* Build configuration list for PBXProject "AMGApp" */ = {
			isa = XCConfigurationList;
			buildConfigurations = (
				7B73D49421C5ABAD005AB6D0 /* Debug */,
				7B73D49521C5ABAD005AB6D0 /* Release */,
			);
			defaultConfigurationIsVisible = 0;
			defaultConfigurationName = Release;
		};
		7B73D49621C5ABAD005AB6D0 /* Build configuration list for PBXNativeTarget "AMGApp" */ = {
			isa = XCConfigurationList;
			buildConfigurations = (
				7B73D49721C5ABAD005AB6D0 /* Debug */,
				7B73D49821C5ABAD005AB6D0 /* Release */,
			);
			defaultConfigurationIsVisible = 0;
			defaultConfigurationName = Release;
		};
/* End XCConfigurationList section */
	};
	rootObject = 7B73D47A21C5ABAB005AB6D0 /* Project object */;
}
